{
  "name": "imag3",
  "version": "1.0.0",
  "lockfileVersion": 1,
  "requires": true,
  "dependencies": {
    "uikit": {
      "version": "3.5.9-dev.4d5485e24",
      "resolved": "https://registry.npmjs.org/uikit/-/uikit-3.5.9-dev.4d5485e24.tgz",
      "integrity": "sha512-V0Y7pDiZ7+FauCJ88Li+Sc/lZdrGT/u37uVy+af/WVLFb91q1pc8IRD7WcqOGGwzfmIgGXON2uiXgfU5co95GA=="
    }
  }
}
